
Microsoft Visual Studio Solution File, Format Version 12.00
# Visual Studio 2013
VisualStudioVersion = 12.0.21005.1
MinimumVisualStudioVersion = 10.0.40219.1
Project("{FAE04EC0-301F-11D3-BF4B-00C04F79EFBC}") = "T4Box", "T4Box\T4Box.csproj", "{57D16A5B-7545-48FE-8600-19318F383D7C}"
EndProject
Project("{FAE04EC0-301F-11D3-BF4B-00C04F79EFBC}") = "Templates", "Templates\Templates.csproj", "{1D824F58-B3F7-40B9-8545-6B999ED84AF0}"
EndProject
Global
	GlobalSection(SolutionConfigurationPlatforms) = preSolution
		Debug|Any CPU = Debug|Any CPU
		Release|Any CPU = Release|Any CPU
	EndGlobalSection
	GlobalSection(ProjectConfigurationPlatforms) = postSolution
		{57D16A5B-7545-48FE-8600-19318F383D7C}.Debug|Any CPU.ActiveCfg = Debug|Any CPU
		{57D16A5B-7545-48FE-8600-19318F383D7C}.Debug|Any CPU.Build.0 = Debug|Any CPU
		{57D16A5B-7545-48FE-8600-19318F383D7C}.Release|Any CPU.ActiveCfg = Release|Any CPU
		{57D16A5B-7545-48FE-8600-19318F383D7C}.Release|Any CPU.Build.0 = Release|Any CPU
		{1D824F58-B3F7-40B9-8545-6B999ED84AF0}.Debug|Any CPU.ActiveCfg = Debug|Any CPU
		{1D824F58-B3F7-40B9-8545-6B999ED84AF0}.Debug|Any CPU.Build.0 = Debug|Any CPU
		{1D824F58-B3F7-40B9-8545-6B999ED84AF0}.Release|Any CPU.ActiveCfg = Release|Any CPU
		{1D824F58-B3F7-40B9-8545-6B999ED84AF0}.Release|Any CPU.Build.0 = Release|Any CPU
	EndGlobalSection
	GlobalSection(SolutionProperties) = preSolution
		HideSolutionNode = FALSE
	EndGlobalSection
EndGlobal
